
Microsoft Visual Studio Solution File, Format Version 12.00
# Visual Studio Version 16
VisualStudioVersion = 16.0.32407.337
MinimumVisualStudioVersion = 10.0.40219.1
Project("{FAE04EC0-301F-11D3-BF4B-00C04F79EFBC}") = "WindowsFormsApp13", "WindowsFormsApp13\WindowsFormsApp13.csproj", "{8A6BCA18-695F-4218-BC32-59D5701C508C}"
EndProject
Global
	GlobalSection(SolutionConfigurationPlatforms) = preSolution
		Debug|Any CPU = Debug|Any CPU
		Release|Any CPU = Release|Any CPU
	EndGlobalSection
	GlobalSection(ProjectConfigurationPlatforms) = postSolution
		{8A6BCA18-695F-4218-BC32-59D5701C508C}.Debug|Any CPU.ActiveCfg = Debug|Any CPU
		{8A6BCA18-695F-4218-BC32-59D5701C508C}.Debug|Any CPU.Build.0 = Debug|Any CPU
		{8A6BCA18-695F-4218-BC32-59D5701C508C}.Release|Any CPU.ActiveCfg = Release|Any CPU
		{8A6BCA18-695F-4218-BC32-59D5701C508C}.Release|Any CPU.Build.0 = Release|Any CPU
	EndGlobalSection
	GlobalSection(SolutionProperties) = preSolution
		HideSolutionNode = FALSE
	EndGlobalSection
	GlobalSection(ExtensibilityGlobals) = postSolution
		SolutionGuid = {AB928203-625F-4A8E-9ED4-2CA34BD3811B}
	EndGlobalSection
EndGlobal
